// !$*UTF8*$!
{
	archiveVersion = 1;
	classes = {
	};
	objectVersion = 46;
	objects = {

/* Begin PBXBuildFile section */
		04B5AE101CDCD303000C68F9 /* AppDelegate.m in Sources */ = {isa = PBXBuildFile; fileRef = 04B5AE0F1CDCD303000C68F9 /* AppDelegate.m */; };
		04B5AE131CDCD303000C68F9 /* main.m in Sources */ = {isa = PBXBuildFile; fileRef = 04B5AE121CDCD303000C68F9 /* main.m */; };
		04B5AE161CDCD303000C68F9 /* ViewController.m in Sources */ = {isa = PBXBuildFile; fileRef = 04B5AE151CDCD303000C68F9 /* ViewController.m */; };
		04B5AE181CDCD303000C68F9 /* Assets.xcassets in Resources */ = {isa = PBXBuildFile; fileRef = 04B5AE171CDCD303000C68F9 /* Assets.xcassets */; };
		04B5AE1B1CDCD303000C68F9 /* Main.storyboard in Resources */ = {isa = PBXBuildFile; fileRef = 04B5AE191CDCD303000C68F9 /* Main.storyboard */; };
/* End PBXBuildFile section */

/* Begin PBXFileReference section */
		04B5AE0B1CDCD303000C68F9 /* fileEnumator.app */ = {isa = PBXFileReference; explicitFileType = wrapper.application; includeInIndex = 0; path = fileEnumator.app; sourceTree = BUILT_PRODUCTS_DIR; };
		04B5AE0E1CDCD303000C68F9 /* AppDelegate.h */ = {isa = PBXFileReference; lastKnownFileType = sourcecode.c.h; path = AppDelegate.h; sourceTree = "<group>"; };
		04B5AE0F1CDCD303000C68F9 /* AppDelegate.m */ = {isa = PBXFileReference; lastKnownFileType = sourcecode.c.objc; path = AppDelegate.m; sourceTree = "<group>"; };
		04B5AE121CDCD303000C68F9 /* main.m */ = {isa = PBXFileReference; lastKnownFileType = sourcecode.c.objc; path = main.m; sourceTree = "<group>"; };
		04B5AE141CDCD303000C68F9 /* ViewController.h */ = {isa = PBXFileReference; lastKnownFileType = sourcecode.c.h; path = ViewController.h; sourceTree = "<group>"; };
		04B5AE151CDCD303000C68F9 /* ViewController.m */ = {isa = PBXFileReference; lastKnownFileType = sourcecode.c.objc; path = ViewController.m; sourceTree = "<group>"; };
		04B5AE171CDCD303000C68F9 /* Assets.xcassets */ = {isa = PBXFileReference; lastKnownFileType = folder.assetcatalog; path = Assets.xcassets; sourceTree = "<group>"; };
		04B5AE1A1CDCD303000C68F9 /* Base */ = {isa = PBXFileReference; lastKnownFileType = file.storyboard; name = Base; path = Base.lproj/Main.storyboard; sourceTree = "<group>"; };
		04B5AE1C1CDCD303000C68F9 /* Info.plist */ = {isa = PBXFileReference; lastKnownFileType = text.plist.xml; path = Info.plist; sourceTree = "<group>"; };
/* End PBXFileReference section */

/* Begin PBXFrameworksBuildPhase section */
		04B5AE081CDCD303000C68F9 /* Frameworks */ = {
			isa = PBXFrameworksBuildPhase;
			buildActionMask = 2147483647;
			files = (
			);
			runOnlyForDeploymentPostprocessing = 0;
		};
/* End PBXFrameworksBuildPhase section */

/* Begin PBXGroup section */
		04B5AE021CDCD303000C68F9 = {
			isa = PBXGroup;
			children = (
				04B5AE0D1CDCD303000C68F9 /* fileEnumator */,
				04B5AE0C1CDCD303000C68F9 /* Products */,
			);
			sourceTree = "<group>";
		};
		04B5AE0C1CDCD303000C68F9 /* Products */ = {
			isa = PBXGroup;
			children = (
				04B5AE0B1CDCD303000C68F9 /* fileEnumator.app */,
			);
			name = Products;
			sourceTree = "<group>";
		};
		04B5AE0D1CDCD303000C68F9 /* fileEnumator */ = {
			isa = PBXGroup;
			children = (
				04B5AE0E1CDCD303000C68F9 /* AppDelegate.h */,
				04B5AE0F1CDCD303000C68F9 /* AppDelegate.m */,
				04B5AE141CDCD303000C68F9 /* ViewController.h */,
				04B5AE151CDCD303000C68F9 /* ViewController.m */,
				04B5AE171CDCD303000C68F9 /* Assets.xcassets */,
				04B5AE191CDCD303000C68F9 /* Main.storyboard */,
				04B5AE1C1CDCD303000C68F9 /* Info.plist */,
				04B5AE111CDCD303000C68F9 /* Supporting Files */,
			);
			path = fileEnumator;
			sourceTree = "<group>";
		};
		04B5AE111CDCD303000C68F9 /* Supporting Files */ = {
			isa = PBXGroup;
			children = (
				04B5AE121CDCD303000C68F9 /* main.m */,
			);
			name = "Supporting Files";
			sourceTree = "<group>";
		};
/* End PBXGroup section */

/* Begin PBXNativeTarget section */
		04B5AE0A1CDCD303000C68F9 /* fileEnumator */ = {
			isa = PBXNativeTarget;
			buildConfigurationList = 04B5AE1F1CDCD303000C68F9 /* Build configuration list for PBXNativeTarget "fileEnumator" */;
			buildPhases = (
				04B5AE071CDCD303000C68F9 /* Sources */,
				04B5AE081CDCD303000C68F9 /* Frameworks */,
				04B5AE091CDCD303000C68F9 /* Resources */,
			);
			buildRules = (
			);
			dependencies = (
			);
			name = fileEnumator;
			productName = fileEnumator;
			productReference = 04B5AE0B1CDCD303000C68F9 /* fileEnumator.app */;
			productType = "com.apple.product-type.application";
		};
/* End PBXNativeTarget section */

/* Begin PBXProject section */
		04B5AE031CDCD303000C68F9 /* Project object */ = {
			isa = PBXProject;
			attributes = {
				LastUpgradeCheck = 0720;
				ORGANIZATIONNAME = zhaoxin;
				TargetAttributes = {
					04B5AE0A1CDCD303000C68F9 = {
						CreatedOnToolsVersion = 7.2.1;
						DevelopmentTeam = KD69AG4FSM;
					};
				};
			};
			buildConfigurationList = 04B5AE061CDCD303000C68F9 /* Build configuration list for PBXProject "fileEnumator" */;
			compatibilityVersion = "Xcode 3.2";
			developmentRegion = English;
			hasScannedForEncodings = 0;
			knownRegions = (
				en,
				Base,
			);
			mainGroup = 04B5AE021CDCD303000C68F9;
			productRefGroup = 04B5AE0C1CDCD303000C68F9 /* Products */;
			projectDirPath = "";
			projectRoot = "";
			targets = (
				04B5AE0A1CDCD303000C68F9 /* fileEnumator */,
			);
		};
/* End PBXProject section */

/* Begin PBXResourcesBuildPhase section */
		04B5AE091CDCD303000C68F9 /* Resources */ = {
			isa = PBXResourcesBuildPhase;
			buildActionMask = 2147483647;
			files = (
				04B5AE181CDCD303000C68F9 /* Assets.xcassets in Resources */,
				04B5AE1B1CDCD303000C68F9 /* Main.storyboard in Resources */,
			);
			runOnlyForDeploymentPostprocessing = 0;
		};
/* End PBXResourcesBuildPhase section */

/* Begin PBXSourcesBuildPhase section */
		04B5AE071CDCD303000C68F9 /* Sources */ = {
			isa = PBXSourcesBuildPhase;
			buildActionMask = 2147483647;
			files = (
				04B5AE161CDCD303000C68F9 /* ViewController.m in Sources */,
				04B5AE131CDCD303000C68F9 /* main.m in Sources */,
				04B5AE101CDCD303000C68F9 /* AppDelegate.m in Sources */,
			);
			runOnlyForDeploymentPostprocessing = 0;
		};
/* End PBXSourcesBuildPhase section */

/* Begin PBXVariantGroup section */
		04B5AE191CDCD303000C68F9 /* Main.storyboard */ = {
			isa = PBXVariantGroup;
			children = (
				04B5AE1A1CDCD303000C68F9 /* Base */,
			);
			name = Main.storyboard;
			sourceTree = "<group>";
		};
/* End PBXVariantGroup section */

/* Begin XCBuildConfiguration section */
		04B5AE1D1CDCD303000C68F9 /* Debug */ = {
			isa = XCBuildConfiguration;
			buildSettings = {
				ALWAYS_SEARCH_USER_PATHS = NO;
				CLANG_CXX_LANGUAGE_STANDARD = "gnu++0x";
				CLANG_CXX_LIBRARY = "libc++";
				CLANG_ENABLE_MODULES = YES;
				CLANG_ENABLE_OBJC_ARC = YES;
				CLANG_WARN_BOOL_CONVERSION = YES;
				CLANG_WARN_CONSTANT_CONVERSION = YES;
				CLANG_WARN_DIRECT_OBJC_ISA_USAGE = YES_ERROR;
				CLANG_WARN_EMPTY_BODY = YES;
				CLANG_WARN_ENUM_CONVERSION = YES;
				CLANG_WARN_INT_CONVERSION = YES;
				CLANG_WARN_OBJC_ROOT_CLASS = YES_ERROR;
				CLANG_WARN_UNREACHABLE_CODE = YES;
				CLANG_WARN__DUPLICATE_METHOD_MATCH = YES;
				CODE_SIGN_IDENTITY = "-";
				COPY_PHASE_STRIP = NO;
				DEBUG_INFORMATION_FORMAT = dwarf;
				ENABLE_STRICT_OBJC_MSGSEND = YES;
				ENABLE_TESTABILITY = YES;
				GCC_C_LANGUAGE_STANDARD = gnu99;
				GCC_DYNAMIC_NO_PIC = NO;
				GCC_NO_COMMON_BLOCKS = YES;
				GCC_OPTIMIZATION_LEVEL = 0;
				GCC_PREPROCESSOR_DEFINITIONS = (
					"DEBUG=1",
					"$(inherited)",
				);
				GCC_WARN_64_TO_32_BIT_CONVERSION = YES;
				GCC_WARN_ABOUT_RETURN_TYPE = YES_ERROR;
				GCC_WARN_UNDECLARED_SELECTOR = YES;
				GCC_WARN_UNINITIALIZED_AUTOS = YES_AGGRESSIVE;
				GCC_WARN_UNUSED_FUNCTION = YES;
				GCC_WARN_UNUSED_VARIABLE = YES;
				MACOSX_DEPLOYMENT_TARGET = 10.11;
				MTL_ENABLE_DEBUG_INFO = YES;
				ONLY_ACTIVE_ARCH = YES;
				SDKROOT = macosx;
			};
			name = Debug;
		};
		04B5AE1E1CDCD303000C68F9 /* Release */ = {
			isa = XCBuildConfiguration;
			buildSettings = {
				ALWAYS_SEARCH_USER_PATHS = NO;
				CLANG_CXX_LANGUAGE_STANDARD = "gnu++0x";
				CLANG_CXX_LIBRARY = "libc++";
				CLANG_ENABLE_MODULES = YES;
				CLANG_ENABLE_OBJC_ARC = YES;
				CLANG_WARN_BOOL_CONVERSION = YES;
				CLANG_WARN_CONSTANT_CONVERSION = YES;
				CLANG_WARN_DIRECT_OBJC_ISA_USAGE = YES_ERROR;
				CLANG_WARN_EMPTY_BODY = YES;
				CLANG_WARN_ENUM_CONVERSION = YES;
				CLANG_WARN_INT_CONVERSION = YES;
				CLANG_WARN_OBJC_ROOT_CLASS = YES_ERROR;
				CLANG_WARN_UNREACHABLE_CODE = YES;
				CLANG_WARN__DUPLICATE_METHOD_MATCH = YES;
				CODE_SIGN_IDENTITY = "-";
				COPY_PHASE_STRIP = NO;
				DEBUG_INFORMATION_FORMAT = "dwarf-with-dsym";
				ENABLE_NS_ASSERTIONS = NO;
				ENABLE_STRICT_OBJC_MSGSEND = YES;
				GCC_C_LANGUAGE_STANDARD = gnu99;
				GCC_NO_COMMON_BLOCKS = YES;
				GCC_WARN_64_TO_32_BIT_CONVERSION = YES;
				GCC_WARN_ABOUT_RETURN_TYPE = YES_ERROR;
				GCC_WARN_UNDECLARED_SELECTOR = YES;
				GCC_WARN_UNINITIALIZED_AUTOS = YES_AGGRESSIVE;
				GCC_WARN_UNUSED_FUNCTION = YES;
				GCC_WARN_UNUSED_VARIABLE = YES;
				MACOSX_DEPLOYMENT_TARGET = 10.11;
				MTL_ENABLE_DEBUG_INFO = NO;
				SDKROOT = macosx;
			};
			name = Release;
		};
		04B5AE201CDCD303000C68F9 /* Debug */ = {
			isa = XCBuildConfiguration;
			buildSettings = {
				ASSETCATALOG_COMPILER_APPICON_NAME = AppIcon;
				CODE_SIGN_IDENTITY = "Mac Developer";
				"CODE_SIGN_IDENTITY[sdk=macosx*]" = "Mac Developer";
				COMBINE_HIDPI_IMAGES = YES;
				INFOPLIST_FILE = fileEnumator/Info.plist;
				LD_RUNPATH_SEARCH_PATHS = "$(inherited) @executable_path/../Frameworks";
				PRODUCT_BUNDLE_IDENTIFIER = cn.zhaoxin.fileEnumator;
				PRODUCT_NAME = "$(TARGET_NAME)";
				PROVISIONING_PROFILE = "";
			};
			name = Debug;
		};
		04B5AE211CDCD303000C68F9 /* Release */ = {
			isa = XCBuildConfiguration;
			buildSettings = {
				ASSETCATALOG_COMPILER_APPICON_NAME = AppIcon;
				CODE_SIGN_IDENTITY = "Mac Developer";
				"CODE_SIGN_IDENTITY[sdk=macosx*]" = "Mac Developer";
				COMBINE_HIDPI_IMAGES = YES;
				INFOPLIST_FILE = fileEnumator/Info.plist;
				LD_RUNPATH_SEARCH_PATHS = "$(inherited) @executable_path/../Frameworks";
				PRODUCT_BUNDLE_IDENTIFIER = cn.zhaoxin.fileEnumator;
				PRODUCT_NAME = "$(TARGET_NAME)";
				PROVISIONING_PROFILE = "";
			};
			name = Release;
		};
/* End XCBuildConfiguration section */

/* Begin XCConfigurationList section */
		04B5AE061CDCD303000C68F9 /* Build configuration list for PBXProject "fileEnumator" */ = {
			isa = XCConfigurationList;
			buildConfigurations = (
				04B5AE1D1CDCD303000C68F9 /* Debug */,
				04B5AE1E1CDCD303000C68F9 /* Release */,
			);
			defaultConfigurationIsVisible = 0;
			defaultConfigurationName = Release;
		};
		04B5AE1F1CDCD303000C68F9 /* Build configuration list for PBXNativeTarget "fileEnumator" */ = {
			isa = XCConfigurationList;
			buildConfigurations = (
				04B5AE201CDCD303000C68F9 /* Debug */,
				04B5AE211CDCD303000C68F9 /* Release */,
			);
			defaultConfigurationIsVisible = 0;
		};
/* End XCConfigurationList section */
	};
	rootObject = 04B5AE031CDCD303000C68F9 /* Project object */;
}
